<Solution>
  <Folder Name="/host/">
    <Project Path="host/Volo.Forms.Host.Shared/Volo.Forms.Host.Shared.csproj" />
    <Project Path="host/Volo.Forms.HttpApi.Host/Volo.Forms.HttpApi.Host.csproj" />
    <Project Path="host/Volo.Forms.IdentityServer/Volo.Forms.IdentityServer.csproj" />
    <Project Path="host/Volo.Forms.Web.Host/Volo.Forms.Web.Host.csproj" />
    <Project Path="host/Volo.Forms.Web.Unified/Volo.Forms.Web.Unified.csproj" />
  </Folder>
  <Folder Name="/src/">
    <Project Path="src/Volo.Forms.Application.Contracts/Volo.Forms.Application.Contracts.csproj" />
    <Project Path="src/Volo.Forms.Application/Volo.Forms.Application.csproj" />
    <Project Path="src/Volo.Forms.Domain.Shared/Volo.Forms.Domain.Shared.csproj" />
    <Project Path="src/Volo.Forms.Domain/Volo.Forms.Domain.csproj" />
    <Project Path="src/Volo.Forms.EntityFrameworkCore/Volo.Forms.EntityFrameworkCore.csproj" />
    <Project Path="src/Volo.Forms.HttpApi.Client/Volo.Forms.HttpApi.Client.csproj" />
    <Project Path="src/Volo.Forms.HttpApi/Volo.Forms.HttpApi.csproj" />
    <Project Path="src/Volo.Forms.Installer/Volo.Forms.Installer.csproj" />
    <Project Path="src/Volo.Forms.MongoDB/Volo.Forms.MongoDB.csproj" />
    <Project Path="src/Volo.Forms.Web/Volo.Forms.Web.csproj" />
  </Folder>
  <Folder Name="/test/">
    <Project Path="test/Volo.Forms.Application.Tests/Volo.Forms.Application.Tests.csproj" />
    <Project Path="test/Volo.Forms.Domain.Tests/Volo.Forms.Domain.Tests.csproj" />
    <Project Path="test/Volo.Forms.EntityFrameworkCore.Tests/Volo.Forms.EntityFrameworkCore.Tests.csproj" />
    <Project Path="test/Volo.Forms.HttpApi.Client.ConsoleTestApp/Volo.Forms.HttpApi.Client.ConsoleTestApp.csproj" />
    <Project Path="test/Volo.Forms.MongoDB.Tests/Volo.Forms.MongoDB.Tests.csproj" />
    <Project Path="test/Volo.Forms.TestBase/Volo.Forms.TestBase.csproj" />
  </Folder>
</Solution>
